
Microsoft Visual Studio Solution File, Format Version 12.00
# Visual Studio Version 17
VisualStudioVersion = 17.4.33103.184
MinimumVisualStudioVersion = 10.0.40219.1
Project("{9A19103F-16F7-4668-BE54-9A1E7A4F7556}") = "DZarsky.NotesFunction", "src\DZarsky.NotesFunction\DZarsky.NotesFunction.csproj", "{B4AE1B8C-19C4-488D-83A4-4491998D0372}"
EndProject
Global
	GlobalSection(SolutionConfigurationPlatforms) = preSolution
		Debug|Any CPU = Debug|Any CPU
		Release|Any CPU = Release|Any CPU
	EndGlobalSection
	GlobalSection(ProjectConfigurationPlatforms) = postSolution
		{B4AE1B8C-19C4-488D-83A4-4491998D0372}.Debug|Any CPU.ActiveCfg = Debug|Any CPU
		{B4AE1B8C-19C4-488D-83A4-4491998D0372}.Debug|Any CPU.Build.0 = Debug|Any CPU
		{B4AE1B8C-19C4-488D-83A4-4491998D0372}.Release|Any CPU.ActiveCfg = Release|Any CPU
		{B4AE1B8C-19C4-488D-83A4-4491998D0372}.Release|Any CPU.Build.0 = Release|Any CPU
	EndGlobalSection
	GlobalSection(SolutionProperties) = preSolution
		HideSolutionNode = FALSE
	EndGlobalSection
	GlobalSection(ExtensibilityGlobals) = postSolution
		SolutionGuid = {D9D2811D-C8C1-48B1-B9C2-DCC675D01216}
	EndGlobalSection
EndGlobal
